
Microsoft Visual Studio Solution File, Format Version 12.00
# Visual Studio Version 16
VisualStudioVersion = 16.0.29230.47
MinimumVisualStudioVersion = 10.0.40219.1
Project("{FAE04EC0-301F-11D3-BF4B-00C04F79EFBC}") = "ProcessDump", "ProcessDump.csproj", "{F79D3AC7-DBDB-4B13-B7BC-BCD07C7E0E7A}"
EndProject
Global
	GlobalSection(SolutionConfigurationPlatforms) = preSolution
		Debug|Any CPU = Debug|Any CPU
		Release|Any CPU = Release|Any CPU
	EndGlobalSection
	GlobalSection(ProjectConfigurationPlatforms) = postSolution
		{F79D3AC7-DBDB-4B13-B7BC-BCD07C7E0E7A}.Debug|Any CPU.ActiveCfg = Debug|Any CPU
		{F79D3AC7-DBDB-4B13-B7BC-BCD07C7E0E7A}.Debug|Any CPU.Build.0 = Debug|Any CPU
		{F79D3AC7-DBDB-4B13-B7BC-BCD07C7E0E7A}.Release|Any CPU.ActiveCfg = Release|Any CPU
		{F79D3AC7-DBDB-4B13-B7BC-BCD07C7E0E7A}.Release|Any CPU.Build.0 = Release|Any CPU
	EndGlobalSection
	GlobalSection(SolutionProperties) = preSolution
		HideSolutionNode = FALSE
	EndGlobalSection
	GlobalSection(ExtensibilityGlobals) = postSolution
		SolutionGuid = {D5D479D7-2A58-4EBD-8368-6410637D8245}
	EndGlobalSection
EndGlobal
